// !$*UTF8*$!
{
	archiveVersion = 1;
	classes = {
	};
	objectVersion = 46;
	objects = {

/* Begin PBXBuildFile section */
		07749CEB1F2796620008D551 /* FancyView.swift in Sources */ = {isa = PBXBuildFile; fileRef = 07749CEA1F2796620008D551 /* FancyView.swift */; };
		07749CEE1F2797F20008D551 /* Constants.swift in Sources */ = {isa = PBXBuildFile; fileRef = 07749CED1F2797F20008D551 /* Constants.swift */; };
		07749CF01F279A7E0008D551 /* RoundButton.swift in Sources */ = {isa = PBXBuildFile; fileRef = 07749CEF1F279A7E0008D551 /* RoundButton.swift */; };
		07749CF21F279C4D0008D551 /* FancyField.swift in Sources */ = {isa = PBXBuildFile; fileRef = 07749CF11F279C4D0008D551 /* FancyField.swift */; };
		07749CF41F279F4D0008D551 /* FancyButton.swift in Sources */ = {isa = PBXBuildFile; fileRef = 07749CF31F279F4D0008D551 /* FancyButton.swift */; };
		0779BA4F1F2803FF00105132 /* FeedVC.swift in Sources */ = {isa = PBXBuildFile; fileRef = 0779BA4E1F2803FF00105132 /* FeedVC.swift */; };
		0779BA511F28164A00105132 /* CircleView.swift in Sources */ = {isa = PBXBuildFile; fileRef = 0779BA501F28164A00105132 /* CircleView.swift */; };
		0797C79A1F29570D00E7526A /* Post.swift in Sources */ = {isa = PBXBuildFile; fileRef = 0797C7991F29570D00E7526A /* Post.swift */; };
		07BE856B1F2653BA00D53A22 /* AppDelegate.swift in Sources */ = {isa = PBXBuildFile; fileRef = 07BE856A1F2653BA00D53A22 /* AppDelegate.swift */; };
		07BE856D1F2653BA00D53A22 /* SignInVC.swift in Sources */ = {isa = PBXBuildFile; fileRef = 07BE856C1F2653BA00D53A22 /* SignInVC.swift */; };
		07BE85701F2653BA00D53A22 /* Main.storyboard in Resources */ = {isa = PBXBuildFile; fileRef = 07BE856E1F2653BA00D53A22 /* Main.storyboard */; };
		07BE85721F2653BA00D53A22 /* Assets.xcassets in Resources */ = {isa = PBXBuildFile; fileRef = 07BE85711F2653BA00D53A22 /* Assets.xcassets */; };
		07BE85751F2653BA00D53A22 /* LaunchScreen.storyboard in Resources */ = {isa = PBXBuildFile; fileRef = 07BE85731F2653BA00D53A22 /* LaunchScreen.storyboard */; };
		07BE857D1F26541000D53A22 /* GoogleService-Info.plist in Resources */ = {isa = PBXBuildFile; fileRef = 07BE857C1F26541000D53A22 /* GoogleService-Info.plist */; };
		07D89C5D1F28DB5000289C1E /* PostCell.swift in Sources */ = {isa = PBXBuildFile; fileRef = 07D89C5C1F28DB5000289C1E /* PostCell.swift */; };
		07E83F161F2902FB00A404C5 /* DataService.swift in Sources */ = {isa = PBXBuildFile; fileRef = 07E83F151F2902FB00A404C5 /* DataService.swift */; };
		700BEB9C7BCBBE64EFB98393 /* Pods_SciSocial.framework in Frameworks */ = {isa = PBXBuildFile; fileRef = B64EE7781932F8D554F1656C /* Pods_SciSocial.framework */; };
/* End PBXBuildFile section */

/* Begin PBXFileReference section */
		03DB3353EF07F8B7C6B7C72F /* Pods-SciSocial.release.xcconfig */ = {isa = PBXFileReference; includeInIndex = 1; lastKnownFileType = text.xcconfig; name = "Pods-SciSocial.release.xcconfig"; path = "Pods/Target Support Files/Pods-SciSocial/Pods-SciSocial.release.xcconfig"; sourceTree = "<group>"; };
		07749CEA1F2796620008D551 /* FancyView.swift */ = {isa = PBXFileReference; fileEncoding = 4; lastKnownFileType = sourcecode.swift; path = FancyView.swift; sourceTree = "<group>"; };
		07749CED1F2797F20008D551 /* Constants.swift */ = {isa = PBXFileReference; fileEncoding = 4; lastKnownFileType = sourcecode.swift; path = Constants.swift; sourceTree = "<group>"; };
		07749CEF1F279A7E0008D551 /* RoundButton.swift */ = {isa = PBXFileReference; fileEncoding = 4; lastKnownFileType = sourcecode.swift; path = RoundButton.swift; sourceTree = "<group>"; };
		07749CF11F279C4D0008D551 /* FancyField.swift */ = {isa = PBXFileReference; fileEncoding = 4; lastKnownFileType = sourcecode.swift; path = FancyField.swift; sourceTree = "<group>"; };
		07749CF31F279F4D0008D551 /* FancyButton.swift */ = {isa = PBXFileReference; fileEncoding = 4; lastKnownFileType = sourcecode.swift; path = FancyButton.swift; sourceTree = "<group>"; };
		07749CF51F27AFBC0008D551 /* SciSocial.entitlements */ = {isa = PBXFileReference; lastKnownFileType = text.plist.entitlements; path = SciSocial.entitlements; sourceTree = "<group>"; };
		0779BA4E1F2803FF00105132 /* FeedVC.swift */ = {isa = PBXFileReference; fileEncoding = 4; lastKnownFileType = sourcecode.swift; path = FeedVC.swift; sourceTree = "<group>"; };
		0779BA501F28164A00105132 /* CircleView.swift */ = {isa = PBXFileReference; fileEncoding = 4; lastKnownFileType = sourcecode.swift; path = CircleView.swift; sourceTree = "<group>"; };
		0797C7991F29570D00E7526A /* Post.swift */ = {isa = PBXFileReference; fileEncoding = 4; lastKnownFileType = sourcecode.swift; path = Post.swift; sourceTree = "<group>"; };
		07BE85671F2653BA00D53A22 /* SciSocial.app */ = {isa = PBXFileReference; explicitFileType = wrapper.application; includeInIndex = 0; path = SciSocial.app; sourceTree = BUILT_PRODUCTS_DIR; };
		07BE856A1F2653BA00D53A22 /* AppDelegate.swift */ = {isa = PBXFileReference; lastKnownFileType = sourcecode.swift; path = AppDelegate.swift; sourceTree = "<group>"; };
		07BE856C1F2653BA00D53A22 /* SignInVC.swift */ = {isa = PBXFileReference; lastKnownFileType = sourcecode.swift; path = SignInVC.swift; sourceTree = "<group>"; };
		07BE856F1F2653BA00D53A22 /* Base */ = {isa = PBXFileReference; lastKnownFileType = file.storyboard; name = Base; path = Base.lproj/Main.storyboard; sourceTree = "<group>"; };
		07BE85711F2653BA00D53A22 /* Assets.xcassets */ = {isa = PBXFileReference; lastKnownFileType = folder.assetcatalog; path = Assets.xcassets; sourceTree = "<group>"; };
		07BE85741F2653BA00D53A22 /* Base */ = {isa = PBXFileReference; lastKnownFileType = file.storyboard; name = Base; path = Base.lproj/LaunchScreen.storyboard; sourceTree = "<group>"; };
		07BE85761F2653BA00D53A22 /* Info.plist */ = {isa = PBXFileReference; lastKnownFileType = text.plist.xml; path = Info.plist; sourceTree = "<group>"; };
		07BE857C1F26541000D53A22 /* GoogleService-Info.plist */ = {isa = PBXFileReference; fileEncoding = 4; lastKnownFileType = text.plist.xml; path = "GoogleService-Info.plist"; sourceTree = "<group>"; };
		07D89C5C1F28DB5000289C1E /* PostCell.swift */ = {isa = PBXFileReference; fileEncoding = 4; lastKnownFileType = sourcecode.swift; path = PostCell.swift; sourceTree = "<group>"; };
		07E83F151F2902FB00A404C5 /* DataService.swift */ = {isa = PBXFileReference; fileEncoding = 4; lastKnownFileType = sourcecode.swift; path = DataService.swift; sourceTree = "<group>"; };
		937049E927005470138F146C /* Pods-SciSocial.debug.xcconfig */ = {isa = PBXFileReference; includeInIndex = 1; lastKnownFileType = text.xcconfig; name = "Pods-SciSocial.debug.xcconfig"; path = "Pods/Target Support Files/Pods-SciSocial/Pods-SciSocial.debug.xcconfig"; sourceTree = "<group>"; };
		B64EE7781932F8D554F1656C /* Pods_SciSocial.framework */ = {isa = PBXFileReference; explicitFileType = wrapper.framework; includeInIndex = 0; path = Pods_SciSocial.framework; sourceTree = BUILT_PRODUCTS_DIR; };
/* End PBXFileReference section */

/* Begin PBXFrameworksBuildPhase section */
		07BE85641F2653BA00D53A22 /* Frameworks */ = {
			isa = PBXFrameworksBuildPhase;
			buildActionMask = 2147483647;
			files = (
				700BEB9C7BCBBE64EFB98393 /* Pods_SciSocial.framework in Frameworks */,
			);
			runOnlyForDeploymentPostprocessing = 0;
		};
/* End PBXFrameworksBuildPhase section */

/* Begin PBXGroup section */
		07749CEC1F2797E00008D551 /* Utilities */ = {
			isa = PBXGroup;
			children = (
				07749CED1F2797F20008D551 /* Constants.swift */,
			);
			name = Utilities;
			sourceTree = "<group>";
		};
		07BE855E1F2653BA00D53A22 = {
			isa = PBXGroup;
			children = (
				07BE85691F2653BA00D53A22 /* SciSocial */,
				07BE85681F2653BA00D53A22 /* Products */,
				3EF160A13E0BEB07B71029D2 /* Pods */,
				95D2B0D76DB32402CA0B2A63 /* Frameworks */,
			);
			sourceTree = "<group>";
		};
		07BE85681F2653BA00D53A22 /* Products */ = {
			isa = PBXGroup;
			children = (
				07BE85671F2653BA00D53A22 /* SciSocial.app */,
			);
			name = Products;
			sourceTree = "<group>";
		};
		07BE85691F2653BA00D53A22 /* SciSocial */ = {
			isa = PBXGroup;
			children = (
				07E83F141F2902DE00A404C5 /* Services */,
				07749CF51F27AFBC0008D551 /* SciSocial.entitlements */,
				07749CEC1F2797E00008D551 /* Utilities */,
				07BE857E1F26570E00D53A22 /* Model */,
				07BE857F1F26571700D53A22 /* View */,
				07BE85801F26571C00D53A22 /* Controller */,
				07BE856A1F2653BA00D53A22 /* AppDelegate.swift */,
				07BE856E1F2653BA00D53A22 /* Main.storyboard */,
				07BE85711F2653BA00D53A22 /* Assets.xcassets */,
				07BE85731F2653BA00D53A22 /* LaunchScreen.storyboard */,
				07BE857C1F26541000D53A22 /* GoogleService-Info.plist */,
				07BE85761F2653BA00D53A22 /* Info.plist */,
			);
			path = SciSocial;
			sourceTree = "<group>";
		};
		07BE857E1F26570E00D53A22 /* Model */ = {
			isa = PBXGroup;
			children = (
				0797C7991F29570D00E7526A /* Post.swift */,
			);
			name = Model;
			sourceTree = "<group>";
		};
		07BE857F1F26571700D53A22 /* View */ = {
			isa = PBXGroup;
			children = (
				07749CEA1F2796620008D551 /* FancyView.swift */,
				07749CEF1F279A7E0008D551 /* RoundButton.swift */,
				07749CF11F279C4D0008D551 /* FancyField.swift */,
				07749CF31F279F4D0008D551 /* FancyButton.swift */,
				0779BA501F28164A00105132 /* CircleView.swift */,
				07D89C5C1F28DB5000289C1E /* PostCell.swift */,
			);
			name = View;
			sourceTree = "<group>";
		};
		07BE85801F26571C00D53A22 /* Controller */ = {
			isa = PBXGroup;
			children = (
				07BE856C1F2653BA00D53A22 /* SignInVC.swift */,
				0779BA4E1F2803FF00105132 /* FeedVC.swift */,
			);
			name = Controller;
			sourceTree = "<group>";
		};
		07E83F141F2902DE00A404C5 /* Services */ = {
			isa = PBXGroup;
			children = (
				07E83F151F2902FB00A404C5 /* DataService.swift */,
			);
			name = Services;
			sourceTree = "<group>";
		};
		3EF160A13E0BEB07B71029D2 /* Pods */ = {
			isa = PBXGroup;
			children = (
				937049E927005470138F146C /* Pods-SciSocial.debug.xcconfig */,
				03DB3353EF07F8B7C6B7C72F /* Pods-SciSocial.release.xcconfig */,
			);
			name = Pods;
			sourceTree = "<group>";
		};
		95D2B0D76DB32402CA0B2A63 /* Frameworks */ = {
			isa = PBXGroup;
			children = (
				B64EE7781932F8D554F1656C /* Pods_SciSocial.framework */,
			);
			name = Frameworks;
			sourceTree = "<group>";
		};
/* End PBXGroup section */

/* Begin PBXNativeTarget section */
		07BE85661F2653BA00D53A22 /* SciSocial */ = {
			isa = PBXNativeTarget;
			buildConfigurationList = 07BE85791F2653BA00D53A22 /* Build configuration list for PBXNativeTarget "SciSocial" */;
			buildPhases = (
				C9ECFA1C56CDE6FAB3425D80 /* [CP] Check Pods Manifest.lock */,
				07BE85631F2653BA00D53A22 /* Sources */,
				07BE85641F2653BA00D53A22 /* Frameworks */,
				07BE85651F2653BA00D53A22 /* Resources */,
				DD04455A453C1AF25C31F3C2 /* [CP] Embed Pods Frameworks */,
				0A1FB4E02CEBABE4682D2D0B /* [CP] Copy Pods Resources */,
			);
			buildRules = (
			);
			dependencies = (
			);
			name = SciSocial;
			productName = SciSocial;
			productReference = 07BE85671F2653BA00D53A22 /* SciSocial.app */;
			productType = "com.apple.product-type.application";
		};
/* End PBXNativeTarget section */

/* Begin PBXProject section */
		07BE855F1F2653BA00D53A22 /* Project object */ = {
			isa = PBXProject;
			attributes = {
				LastSwiftUpdateCheck = 0830;
				LastUpgradeCheck = 0830;
				ORGANIZATIONNAME = "Erblin Berisha";
				TargetAttributes = {
					07BE85661F2653BA00D53A22 = {
						CreatedOnToolsVersion = 8.3.3;
						DevelopmentTeam = CG7B5K87R2;
						ProvisioningStyle = Automatic;
						SystemCapabilities = {
							com.apple.Keychain = {
								enabled = 1;
							};
						};
					};
				};
			};
			buildConfigurationList = 07BE85621F2653BA00D53A22 /* Build configuration list for PBXProject "SciSocial" */;
			compatibilityVersion = "Xcode 3.2";
			developmentRegion = English;
			hasScannedForEncodings = 0;
			knownRegions = (
				en,
				Base,
			);
			mainGroup = 07BE855E1F2653BA00D53A22;
			productRefGroup = 07BE85681F2653BA00D53A22 /* Products */;
			projectDirPath = "";
			projectRoot = "";
			targets = (
				07BE85661F2653BA00D53A22 /* SciSocial */,
			);
		};
/* End PBXProject section */

/* Begin PBXResourcesBuildPhase section */
		07BE85651F2653BA00D53A22 /* Resources */ = {
			isa = PBXResourcesBuildPhase;
			buildActionMask = 2147483647;
			files = (
				07BE85751F2653BA00D53A22 /* LaunchScreen.storyboard in Resources */,
				07BE857D1F26541000D53A22 /* GoogleService-Info.plist in Resources */,
				07BE85721F2653BA00D53A22 /* Assets.xcassets in Resources */,
				07BE85701F2653BA00D53A22 /* Main.storyboard in Resources */,
			);
			runOnlyForDeploymentPostprocessing = 0;
		};
/* End PBXResourcesBuildPhase section */

/* Begin PBXShellScriptBuildPhase section */
		0A1FB4E02CEBABE4682D2D0B /* [CP] Copy Pods Resources */ = {
			isa = PBXShellScriptBuildPhase;
			buildActionMask = 2147483647;
			files = (
			);
			inputPaths = (
			);
			name = "[CP] Copy Pods Resources";
			outputPaths = (
			);
			runOnlyForDeploymentPostprocessing = 0;
			shellPath = /bin/sh;
			shellScript = "\"${SRCROOT}/Pods/Target Support Files/Pods-SciSocial/Pods-SciSocial-resources.sh\"\n";
			showEnvVarsInLog = 0;
		};
		C9ECFA1C56CDE6FAB3425D80 /* [CP] Check Pods Manifest.lock */ = {
			isa = PBXShellScriptBuildPhase;
			buildActionMask = 2147483647;
			files = (
			);
			inputPaths = (
			);
			name = "[CP] Check Pods Manifest.lock";
			outputPaths = (
			);
			runOnlyForDeploymentPostprocessing = 0;
			shellPath = /bin/sh;
			shellScript = "diff \"${PODS_PODFILE_DIR_PATH}/Podfile.lock\" \"${PODS_ROOT}/Manifest.lock\" > /dev/null\nif [ $? != 0 ] ; then\n    # print error to STDERR\n    echo \"error: The sandbox is not in sync with the Podfile.lock. Run 'pod install' or update your CocoaPods installation.\" >&2\n    exit 1\nfi\n";
			showEnvVarsInLog = 0;
		};
		DD04455A453C1AF25C31F3C2 /* [CP] Embed Pods Frameworks */ = {
			isa = PBXShellScriptBuildPhase;
			buildActionMask = 2147483647;
			files = (
			);
			inputPaths = (
			);
			name = "[CP] Embed Pods Frameworks";
			outputPaths = (
			);
			runOnlyForDeploymentPostprocessing = 0;
			shellPath = /bin/sh;
			shellScript = "\"${SRCROOT}/Pods/Target Support Files/Pods-SciSocial/Pods-SciSocial-frameworks.sh\"\n";
			showEnvVarsInLog = 0;
		};
/* End PBXShellScriptBuildPhase section */

/* Begin PBXSourcesBuildPhase section */
		07BE85631F2653BA00D53A22 /* Sources */ = {
			isa = PBXSourcesBuildPhase;
			buildActionMask = 2147483647;
			files = (
				0779BA511F28164A00105132 /* CircleView.swift in Sources */,
				07749CF21F279C4D0008D551 /* FancyField.swift in Sources */,
				07BE856D1F2653BA00D53A22 /* SignInVC.swift in Sources */,
				0797C79A1F29570D00E7526A /* Post.swift in Sources */,
				07749CF01F279A7E0008D551 /* RoundButton.swift in Sources */,
				07749CF41F279F4D0008D551 /* FancyButton.swift in Sources */,
				07E83F161F2902FB00A404C5 /* DataService.swift in Sources */,
				0779BA4F1F2803FF00105132 /* FeedVC.swift in Sources */,
				07BE856B1F2653BA00D53A22 /* AppDelegate.swift in Sources */,
				07749CEB1F2796620008D551 /* FancyView.swift in Sources */,
				07749CEE1F2797F20008D551 /* Constants.swift in Sources */,
				07D89C5D1F28DB5000289C1E /* PostCell.swift in Sources */,
			);
			runOnlyForDeploymentPostprocessing = 0;
		};
/* End PBXSourcesBuildPhase section */

/* Begin PBXVariantGroup section */
		07BE856E1F2653BA00D53A22 /* Main.storyboard */ = {
			isa = PBXVariantGroup;
			children = (
				07BE856F1F2653BA00D53A22 /* Base */,
			);
			name = Main.storyboard;
			sourceTree = "<group>";
		};
		07BE85731F2653BA00D53A22 /* LaunchScreen.storyboard */ = {
			isa = PBXVariantGroup;
			children = (
				07BE85741F2653BA00D53A22 /* Base */,
			);
			name = LaunchScreen.storyboard;
			sourceTree = "<group>";
		};
/* End PBXVariantGroup section */

/* Begin XCBuildConfiguration section */
		07BE85771F2653BA00D53A22 /* Debug */ = {
			isa = XCBuildConfiguration;
			buildSettings = {
				ALWAYS_SEARCH_USER_PATHS = NO;
				CLANG_ANALYZER_NONNULL = YES;
				CLANG_ANALYZER_NUMBER_OBJECT_CONVERSION = YES_AGGRESSIVE;
				CLANG_CXX_LANGUAGE_STANDARD = "gnu++0x";
				CLANG_CXX_LIBRARY = "libc++";
				CLANG_ENABLE_MODULES = YES;
				CLANG_ENABLE_OBJC_ARC = YES;
				CLANG_WARN_BOOL_CONVERSION = YES;
				CLANG_WARN_CONSTANT_CONVERSION = YES;
				CLANG_WARN_DIRECT_OBJC_ISA_USAGE = YES_ERROR;
				CLANG_WARN_DOCUMENTATION_COMMENTS = YES;
				CLANG_WARN_EMPTY_BODY = YES;
				CLANG_WARN_ENUM_CONVERSION = YES;
				CLANG_WARN_INFINITE_RECURSION = YES;
				CLANG_WARN_INT_CONVERSION = YES;
				CLANG_WARN_OBJC_ROOT_CLASS = YES_ERROR;
				CLANG_WARN_SUSPICIOUS_MOVE = YES;
				CLANG_WARN_UNREACHABLE_CODE = YES;
				CLANG_WARN__DUPLICATE_METHOD_MATCH = YES;
				"CODE_SIGN_IDENTITY[sdk=iphoneos*]" = "iPhone Developer";
				COPY_PHASE_STRIP = NO;
				DEBUG_INFORMATION_FORMAT = dwarf;
				ENABLE_STRICT_OBJC_MSGSEND = YES;
				ENABLE_TESTABILITY = YES;
				GCC_C_LANGUAGE_STANDARD = gnu99;
				GCC_DYNAMIC_NO_PIC = NO;
				GCC_NO_COMMON_BLOCKS = YES;
				GCC_OPTIMIZATION_LEVEL = 0;
				GCC_PREPROCESSOR_DEFINITIONS = (
					"DEBUG=1",
					"$(inherited)",
				);
				GCC_WARN_64_TO_32_BIT_CONVERSION = YES;
				GCC_WARN_ABOUT_RETURN_TYPE = YES_ERROR;
				GCC_WARN_UNDECLARED_SELECTOR = YES;
				GCC_WARN_UNINITIALIZED_AUTOS = YES_AGGRESSIVE;
				GCC_WARN_UNUSED_FUNCTION = YES;
				GCC_WARN_UNUSED_VARIABLE = YES;
				IPHONEOS_DEPLOYMENT_TARGET = 10.3;
				MTL_ENABLE_DEBUG_INFO = YES;
				ONLY_ACTIVE_ARCH = YES;
				SDKROOT = iphoneos;
				SWIFT_ACTIVE_COMPILATION_CONDITIONS = DEBUG;
				SWIFT_OPTIMIZATION_LEVEL = "-Onone";
				TARGETED_DEVICE_FAMILY = "1,2";
			};
			name = Debug;
		};
		07BE85781F2653BA00D53A22 /* Release */ = {
			isa = XCBuildConfiguration;
			buildSettings = {
				ALWAYS_SEARCH_USER_PATHS = NO;
				CLANG_ANALYZER_NONNULL = YES;
				CLANG_ANALYZER_NUMBER_OBJECT_CONVERSION = YES_AGGRESSIVE;
				CLANG_CXX_LANGUAGE_STANDARD = "gnu++0x";
				CLANG_CXX_LIBRARY = "libc++";
				CLANG_ENABLE_MODULES = YES;
				CLANG_ENABLE_OBJC_ARC = YES;
				CLANG_WARN_BOOL_CONVERSION = YES;
				CLANG_WARN_CONSTANT_CONVERSION = YES;
				CLANG_WARN_DIRECT_OBJC_ISA_USAGE = YES_ERROR;
				CLANG_WARN_DOCUMENTATION_COMMENTS = YES;
				CLANG_WARN_EMPTY_BODY = YES;
				CLANG_WARN_ENUM_CONVERSION = YES;
				CLANG_WARN_INFINITE_RECURSION = YES;
				CLANG_WARN_INT_CONVERSION = YES;
				CLANG_WARN_OBJC_ROOT_CLASS = YES_ERROR;
				CLANG_WARN_SUSPICIOUS_MOVE = YES;
				CLANG_WARN_UNREACHABLE_CODE = YES;
				CLANG_WARN__DUPLICATE_METHOD_MATCH = YES;
				"CODE_SIGN_IDENTITY[sdk=iphoneos*]" = "iPhone Developer";
				COPY_PHASE_STRIP = NO;
				DEBUG_INFORMATION_FORMAT = "dwarf-with-dsym";
				ENABLE_NS_ASSERTIONS = NO;
				ENABLE_STRICT_OBJC_MSGSEND = YES;
				GCC_C_LANGUAGE_STANDARD = gnu99;
				GCC_NO_COMMON_BLOCKS = YES;
				GCC_WARN_64_TO_32_BIT_CONVERSION = YES;
				GCC_WARN_ABOUT_RETURN_TYPE = YES_ERROR;
				GCC_WARN_UNDECLARED_SELECTOR = YES;
				GCC_WARN_UNINITIALIZED_AUTOS = YES_AGGRESSIVE;
				GCC_WARN_UNUSED_FUNCTION = YES;
				GCC_WARN_UNUSED_VARIABLE = YES;
				IPHONEOS_DEPLOYMENT_TARGET = 10.3;
				MTL_ENABLE_DEBUG_INFO = NO;
				SDKROOT = iphoneos;
				SWIFT_OPTIMIZATION_LEVEL = "-Owholemodule";
				TARGETED_DEVICE_FAMILY = "1,2";
				VALIDATE_PRODUCT = YES;
			};
			name = Release;
		};
		07BE857A1F2653BA00D53A22 /* Debug */ = {
			isa = XCBuildConfiguration;
			baseConfigurationReference = 937049E927005470138F146C /* Pods-SciSocial.debug.xcconfig */;
			buildSettings = {
				ASSETCATALOG_COMPILER_APPICON_NAME = AppIcon;
				CODE_SIGN_ENTITLEMENTS = SciSocial/SciSocial.entitlements;
				DEVELOPMENT_TEAM = CG7B5K87R2;
				INFOPLIST_FILE = SciSocial/Info.plist;
				IPHONEOS_DEPLOYMENT_TARGET = 9.0;
				LD_RUNPATH_SEARCH_PATHS = "$(inherited) @executable_path/Frameworks";
				PRODUCT_BUNDLE_IDENTIFIER = com.berishaerblin.SciSocial;
				PRODUCT_NAME = "$(TARGET_NAME)";
				SWIFT_VERSION = 3.0;
			};
			name = Debug;
		};
		07BE857B1F2653BA00D53A22 /* Release */ = {
			isa = XCBuildConfiguration;
			baseConfigurationReference = 03DB3353EF07F8B7C6B7C72F /* Pods-SciSocial.release.xcconfig */;
			buildSettings = {
				ASSETCATALOG_COMPILER_APPICON_NAME = AppIcon;
				CODE_SIGN_ENTITLEMENTS = SciSocial/SciSocial.entitlements;
				DEVELOPMENT_TEAM = CG7B5K87R2;
				INFOPLIST_FILE = SciSocial/Info.plist;
				IPHONEOS_DEPLOYMENT_TARGET = 9.0;
				LD_RUNPATH_SEARCH_PATHS = "$(inherited) @executable_path/Frameworks";
				PRODUCT_BUNDLE_IDENTIFIER = com.berishaerblin.SciSocial;
				PRODUCT_NAME = "$(TARGET_NAME)";
				SWIFT_VERSION = 3.0;
			};
			name = Release;
		};
/* End XCBuildConfiguration section */

/* Begin XCConfigurationList section */
		07BE85621F2653BA00D53A22 /* Build configuration list for PBXProject "SciSocial" */ = {
			isa = XCConfigurationList;
			buildConfigurations = (
				07BE85771F2653BA00D53A22 /* Debug */,
				07BE85781F2653BA00D53A22 /* Release */,
			);
			defaultConfigurationIsVisible = 0;
			defaultConfigurationName = Release;
		};
		07BE85791F2653BA00D53A22 /* Build configuration list for PBXNativeTarget "SciSocial" */ = {
			isa = XCConfigurationList;
			buildConfigurations = (
				07BE857A1F2653BA00D53A22 /* Debug */,
				07BE857B1F2653BA00D53A22 /* Release */,
			);
			defaultConfigurationIsVisible = 0;
			defaultConfigurationName = Release;
		};
/* End XCConfigurationList section */
	};
	rootObject = 07BE855F1F2653BA00D53A22 /* Project object */;
}
